
Microsoft Visual Studio Solution File, Format Version 12.00
# Visual Studio Version 17
VisualStudioVersion = 17.8.34511.84
MinimumVisualStudioVersion = 10.0.40219.1
Project("{9A19103F-16F7-4668-BE54-9A1E7A4F7556}") = "SurveyMinimalApi", "SurveyMinimalApi\SurveyMinimalApi.csproj", "{79651C73-E2F9-4BFB-8168-5CACC67477DA}"
EndProject
Project("{2150E333-8FDC-42A3-9474-1A3956D46DE8}") = "Элементы решения", "Элементы решения", "{46C22754-B26B-4140-BC7D-DC10CF518789}"
	ProjectSection(SolutionItems) = preProject
		docker-compose.yml = docker-compose.yml
	EndProjectSection
EndProject
Global
	GlobalSection(SolutionConfigurationPlatforms) = preSolution
		Debug|Any CPU = Debug|Any CPU
		Release|Any CPU = Release|Any CPU
	EndGlobalSection
	GlobalSection(ProjectConfigurationPlatforms) = postSolution
		{79651C73-E2F9-4BFB-8168-5CACC67477DA}.Debug|Any CPU.ActiveCfg = Debug|Any CPU
		{79651C73-E2F9-4BFB-8168-5CACC67477DA}.Debug|Any CPU.Build.0 = Debug|Any CPU
		{79651C73-E2F9-4BFB-8168-5CACC67477DA}.Release|Any CPU.ActiveCfg = Release|Any CPU
		{79651C73-E2F9-4BFB-8168-5CACC67477DA}.Release|Any CPU.Build.0 = Release|Any CPU
	EndGlobalSection
	GlobalSection(SolutionProperties) = preSolution
		HideSolutionNode = FALSE
	EndGlobalSection
	GlobalSection(ExtensibilityGlobals) = postSolution
		SolutionGuid = {654920D7-381C-4446-A47B-ADBEBD95E80E}
	EndGlobalSection
EndGlobal
